/ngs-results/test_snakemake/24P979-MAX_S8_L001_R1_001_fastqc.html
/ngs-results/test_snakemake/24P979-MAX_S8_L001_R2_001_fastqc.html
/ngs-results/test_snakemake/24P979-MAX_S8_L001_R1_001_fastqc.zip
/ngs-results/test_snakemake/24P979-MAX_S8_L001_R2_001_fastqc.zip
/ngs-results/test_snakemake/multiqc_report.html
/ngs-results/test_snakemake/multiqc_data
/ngs-results/test_snakemake/24P979-MAX_S8_L001_R1_001.fastq.gz
/ngs-results/test_snakemake/24P979-MAX_S8_L001_R2_001.fastq.gz
/ngs-results/test_snakemake/24P979-MAX_S8_L001_R1_001_fastqc.html
/ngs-results/test_snakemake/24P979-MAX_S8_L001_R2_001_fastqc.html
/ngs-results/test_snakemake/24P979-MAX_S8_L001_R1_001_fastqc.zip
/ngs-results/test_snakemake/24P979-MAX_S8_L001_R2_001_fastqc.zip
